# THIS IS AN AUTOGENERATED FILE. DO NOT EDIT THIS FILE DIRECTLY.
# yarn lockfile v1


react-top-loading-bar@^2.3.1:
  version "2.3.1"
  resolved "https://registry.yarnpkg.com/react-top-loading-bar/-/react-top-loading-bar-2.3.1.tgz#d727eb6aaa412eae52a990e5de9f33e9136ac714"
  integrity sha512-rQk2Nm+TOBrM1C4E3e6KwT65iXyRSgBHjCkr2FNja1S51WaPulRA5nKj/xazuQ3x89wDDdGsrqkqy0RBIfd0xg==

timers@^0.1.1:
  version "0.1.1"
  resolved "https://registry.yarnpkg.com/timers/-/timers-0.1.1.tgz#86ac5c78c1ee419694f35a58de4fd4183cfb9c1e"
  integrity sha512-pkJC8uIP/gxDHxNQUBUbjHyl6oZfT+ofn7tbaHW+CFIUjI+Q2MBbHcx1JSBQfhDaTcO9bNg328q0i7Vk5PismQ==
